
Microsoft Visual Studio Solution File, Format Version 12.00
# Visual Studio Version 17
VisualStudioVersion = 17.8.34525.116
MinimumVisualStudioVersion = 10.0.40219.1
Project("{FAE04EC0-301F-11D3-BF4B-00C04F79EFBC}") = "EquinoxsDebuggingTools", "EquinoxsDebuggingTools\EquinoxsDebuggingTools.csproj", "{1440F45C-2A3A-4520-9A75-995560E3A63F}"
EndProject
Global
	GlobalSection(SolutionConfigurationPlatforms) = preSolution
		Debug|Any CPU = Debug|Any CPU
		Release|Any CPU = Release|Any CPU
	EndGlobalSection
	GlobalSection(ProjectConfigurationPlatforms) = postSolution
		{1440F45C-2A3A-4520-9A75-995560E3A63F}.Debug|Any CPU.ActiveCfg = Debug|Any CPU
		{1440F45C-2A3A-4520-9A75-995560E3A63F}.Debug|Any CPU.Build.0 = Debug|Any CPU
		{1440F45C-2A3A-4520-9A75-995560E3A63F}.Release|Any CPU.ActiveCfg = Release|Any CPU
		{1440F45C-2A3A-4520-9A75-995560E3A63F}.Release|Any CPU.Build.0 = Release|Any CPU
	EndGlobalSection
	GlobalSection(SolutionProperties) = preSolution
		HideSolutionNode = FALSE
	EndGlobalSection
	GlobalSection(ExtensibilityGlobals) = postSolution
		SolutionGuid = {38C0542D-0DCA-486F-856A-EEB890ED8A58}
	EndGlobalSection
EndGlobal
